
Microsoft Visual Studio Solution File, Format Version 12.00
# Visual Studio 15
VisualStudioVersion = 15.0.26430.6
MinimumVisualStudioVersion = 10.0.40219.1
Project("{FAE04EC0-301F-11D3-BF4B-00C04F79EFBC}") = "HomeWizard.Net", "HomeWizard.Net\HomeWizard.Net.csproj", "{F4B19C92-644C-4136-BA5C-7B801B80BE95}"
EndProject
Project("{FAE04EC0-301F-11D3-BF4B-00C04F79EFBC}") = "HomeWizard.Net.Test", "HomeWizard.Net.Test\HomeWizard.Net.Test.csproj", "{7ACF4A5D-A725-449D-ADCC-4BBF5F297634}"
EndProject
Global
	GlobalSection(SolutionConfigurationPlatforms) = preSolution
		Debug|Any CPU = Debug|Any CPU
		Release|Any CPU = Release|Any CPU
	EndGlobalSection
	GlobalSection(ProjectConfigurationPlatforms) = postSolution
		{F4B19C92-644C-4136-BA5C-7B801B80BE95}.Debug|Any CPU.ActiveCfg = Debug|Any CPU
		{F4B19C92-644C-4136-BA5C-7B801B80BE95}.Debug|Any CPU.Build.0 = Debug|Any CPU
		{F4B19C92-644C-4136-BA5C-7B801B80BE95}.Release|Any CPU.ActiveCfg = Release|Any CPU
		{F4B19C92-644C-4136-BA5C-7B801B80BE95}.Release|Any CPU.Build.0 = Release|Any CPU
		{7ACF4A5D-A725-449D-ADCC-4BBF5F297634}.Debug|Any CPU.ActiveCfg = Debug|Any CPU
		{7ACF4A5D-A725-449D-ADCC-4BBF5F297634}.Debug|Any CPU.Build.0 = Debug|Any CPU
		{7ACF4A5D-A725-449D-ADCC-4BBF5F297634}.Release|Any CPU.ActiveCfg = Release|Any CPU
		{7ACF4A5D-A725-449D-ADCC-4BBF5F297634}.Release|Any CPU.Build.0 = Release|Any CPU
	EndGlobalSection
	GlobalSection(SolutionProperties) = preSolution
		HideSolutionNode = FALSE
	EndGlobalSection
EndGlobal
